
Microsoft Visual Studio Solution File, Format Version 11.00
# Visual Studio 2010
Project("{FAE04EC0-301F-11D3-BF4B-00C04F79EFBC}") = "Pragati_Judge_Client_C", "Pragati_Judge\Pragati_Judge_Client_C.csproj", "{0AD33186-C98F-46A1-9BCD-9031D960AFCC}"
EndProject
Global
	GlobalSection(SolutionConfigurationPlatforms) = preSolution
		Debug|Any CPU = Debug|Any CPU
		Release|Any CPU = Release|Any CPU
	EndGlobalSection
	GlobalSection(ProjectConfigurationPlatforms) = postSolution
		{0AD33186-C98F-46A1-9BCD-9031D960AFCC}.Debug|Any CPU.ActiveCfg = Debug|Any CPU
		{0AD33186-C98F-46A1-9BCD-9031D960AFCC}.Debug|Any CPU.Build.0 = Debug|Any CPU
		{0AD33186-C98F-46A1-9BCD-9031D960AFCC}.Release|Any CPU.ActiveCfg = Release|Any CPU
		{0AD33186-C98F-46A1-9BCD-9031D960AFCC}.Release|Any CPU.Build.0 = Release|Any CPU
	EndGlobalSection
	GlobalSection(SolutionProperties) = preSolution
		HideSolutionNode = FALSE
	EndGlobalSection
EndGlobal
